hash: ""
updated: 2016-10-20T16:48:42.872025812-04:00
imports:
  - name: gonum.org/v1/gonum
    version: aff0e10c44138b1247d90efb9117f68ba7c76f0c
  - name: golang.org/x/crypto
    version: 7effd64e1180aa386cd36da9ca55a1e9fc7cf7cb
    subpackages:
      - ssh
  - name: golang.org/x/net
    version: 3a22650c66bd7f4fb6d1e8072ffd7b75c8a27898
    subpackages:
      - context
  - name: github.com/vaughan0/go-ini
    version: a98ad7ee00ec53921f08832bc06ecf7fd600e6a1
  - name: github.com/10gen/goamz # github.com/goamz/goamz
    version: fd18ac632eb1ce1a721c5fd2a58d982252e09cdd
    subpackages:
      - aws
      - s3
      - ec2
  - name: github.com/codegangsta/inject
    version: 37d7f8432a3e684eef9b2edece76bdfa6ac85b39
  - name: github.com/docker/docker
    version: aa6a9891b09cce3d9004121294301a30d45d998d
  - name: github.com/docker/go-connections
    version: 7395e3f8aa162843a74ed6d48e79627d9792ac55
  - name: github.com/evergreen-ci/go-test2json
    version: 5b6cfd2e8cb0a84da7d0d52307afda3e5cb0b410
  - name: github.com/Microsoft/go-winio
    version: 7ff89941bcb93df2e962467fb073c6e997b13cf0
  - name: github.com/gorilla/securecookie
    version: 1b0c7f6e9ab3d7f500fd7d50c7ad835ff428139b
  - name: github.com/gorilla/sessions
    version: 28f896870851935df0885fca3410114940d49e1b
  - name: github.com/gorilla/csrf
    version: 8aae08ff9fb9a8fe293deea3d057f37d89744670
  - name: github.com/mitchellh/mapstructure
    version: 00c29f56e2386353d58c599509e8dc3801b0d716

  - name: github.com/smartystreets/assertions
    version: f8459f92181409546d2762c9e9c4bedc23c92d76
  - name: github.com/smartystreets/goconvey
    version: 200a235640ff2643e3126834b67f3e93df76640a

  - name: github.com/stretchr/testify
    version: 890a5c3458b43e6104ff5da8dfa139d013d77544

  - name: github.com/jacobsa/oglematchers
    version: 4fc24f97b5b74022c2a3f4ca7eed57ca29083d3e
  - name: github.com/jtolds/gls
    version: b4936e06046bbecbb94cae9c18127ebe510a2cb9
  - name: gopkg.in/yaml.v2
    version: 7649d4548cb53a614db133b2a8ac1f31859dda8c
  - name: gopkg.in/yaml.v3
    version: 496545a6307b2a7d7a710fd516e5e16e8ab62dbc
  - name: gopkg.in/mgo.v2
    version: 60f23985327354fe2d4dde32ba05598bb047a114
  - name: github.com/gophercloud/gophercloud
    version: 64e5161c25fde7f0ccfb85f9af29ed22eeab4cd0

  - name: golang.org/x/tools/cmd/cover
    version: release-branch.go1.4

  - name: github.com/urfave/cli
    version: 01857ac33766ce0c93856370626f9799281c14f4
  - name: github.com/cheynewallace/tabby
    version: b7224f6123093cc04ce961170a360e1d22e214a5

  - name: github.com/kardianos/osext
    version: 6e7f843663477789fac7c02def0d0909e969b4e5
  - name: github.com/sabhiram/go-git-ignore
    version: 228fcfa2a06e870a3ef238d54c45ea847f492a37
  - name: github.com/dustin/go-humanize
    version: f3565c9525600a911af3bd34f8b535ea81b2a9e0
  - name: github.com/mitchellh/go-homedir
    version: 981ab348d865cf048eb7d17e78ac7192632d8415g
  - name: github.com/jmespath/go-jmespath
    version: bd40a432e4c76585ef6b72d3fd96fb9b6dc7b68d
  - name: github.com/go-ini/ini
    version: 6e4869b434bd001f6983749881c7ead3545887d8
  - name: github.com/aws/aws-sdk-go
    version: v1.38.54

  - name: github.com/mholt/archiver
    version: e4ef56d48eb029648b0e895bb0b6a393ef0829c3
  - name: github.com/google/shlex
    version: 6f45313302b9c56850fc17f99e40caebce98c716
  - name: github.com/pkg/errors
    version: ff09b135c25aae272398c51a07235b90a75aa4f0
  - name: github.com/jpillora/backoff
    version: 06c7a16c845dc8e0bf575fafeeca0f5462f5eb4d
  - name: github.com/tychoish/tarjan
    version: fcd3f3321826209eac4a6f41c0108624d948e499
  - name: github.com/google/uuid
    version: c2e93f3ae59f2904160ceaab466009f965df46d6

  - name: google.golang.org/api
    version: e6586c9293b9d514c7f5d5076731ec977cff1be6
    subpackages:
    - compute
  - name: google.golang.org/grpc
    version: ac54eec90516cee50fc6b9b113b34628a85f976f
  - name: google.golang.org/genproto
    version: 082222b4a5c572e33e82ee9162d1352c7cf38682
  - name: github.com/golang/protobuf
    version: c823c79ea1570fb5ff454033735a8e68575d1d0f
  - name: github.com/vmware/govmomi
    version: 2eadc60de1af9cf30d3c8ca9193813b1f0497f01
  - name: golang.org/x/oauth2
    version: f047394b6d14284165300fd82dad67edb3a4d7f6
  - name: golang.org/x/sys
    version: 93ed5bcd2bfe7230f8abd84e0663ab1cb9148722
  - name: github.com/google/go-github
    version: c99a09ea581ff69c33c6f8e6915fe73df8aeee51
  - name: github.com/google/go-querystring
    version: 53e6ce116135b80d037921a7fdd5138cf32d7a8a
  - name: github.com/PuerkitoBio/rehttp
    version: 11cf6ea5d3e9afda34846e1db511aa218049471c
  - name: github.com/Masterminds/glide
    version: 23f6a9d8e774f597faabae8b58b8c6020b3f79ef

  - name: github.com/mongodb/grip
    version: d883a62b49faf8279c9209d28db88858a103177e
  - name: github.com/mongodb/amboy
    version: 979c6e9dc53e8615577c938691b1ccea0f6a101c
  - name: github.com/evergreen-ci/cocoa
    version: d44632fb91055d88e16411f9983f273cb3efa5d3
  - name: github.com/evergreen-ci/gimlet
    version: 31cad9d4fe5899f5952d7b5114f4fbbf6ddca953
  - name: github.com/evergreen-ci/shrub
    version: 005df8abf87f20331677ecfaa19744efb99eb80b
  - name: github.com/evergreen-ci/pail
    version: 1a7ed05e11ee7fef549d3a0644a572da2e98ab02
  - name: github.com/mongodb/jasper
    version: e1b4e69149355a7a0373f3ec351bef76b22e1c4f
  - name: go.mongodb.org/mongo-driver
    version: 6760875fa58e0fa5518c992582efa6d807960d6c

  - name: github.com/evergreen-ci/timber
    version: ac9bb558d2cce7ec22476c711bf977cb24f41f8a
  - name: github.com/evergreen-ci/aviation
    version: 41a4410c650f6e1f8a7808d03ab2c8477a139171
  - name: github.com/peterhellberg/link
    version: 7d8125c3085c14bd320d898c73b78ef2c5320f31

  - name: github.com/evergreen-ci/poplar
    version: b7f63602780c1918f467faba6a04037d533c2fd2
  - name: github.com/evergreen-ci/juniper
    version: 0fd21a88954c06e128edc4fb26e30bb79e6e207d

  - name: github.com/evergreen-ci/certdepot
    version: 2ef4a0af44a3f102d27d5d703fef66f722ca5693

  # git library and its dependencies
  - name: gopkg.in/src-d/go-git.v4
    version: bf3b1f1fb9e0a04d0f87511a7ded2562b48a19d8
  - name: github.com/xanzy/ssh-agent
    version: 640f0ab560aeb89d523bb6ac322b1244d5c3796c
  - name: github.com/jbenet/go-context
    version: d14ea06fba99483203c19d92cfcd13ebe73135f4
  - name: github.com/kevinburke/ssh_config
    version: 4fcc689beeab13c6dd7ab1d65cb9d7a1aeea9663
  - name: github.com/src-d/gcfg
    version: f187355171c936ac84a82793659ebb4936bc1c23
  - name: gopkg.in/src-d/go-billy.v4
    version: b4d81ed1e4f75a2b2e2db3085af27f3b4ad84118
  - name: github.com/pelletier/go-buffruneio
    version: de1592c34d9c6055a32fc9ebe2b3ee50ca468ebe
  - name: github.com/sergi/go-diff
    version: da645544ed44df016359bd4c0e3dc60ee3a0da43
  - name: gopkg.in/warnings.v0
    version: ec4a0fea49c7b46c2aeb0b51aac55779c607e52b
  - name: golang.org/x/text
    version: 905a57155faa8230500121607930ebb9dd8e139c
  - name: gonum.org/v1/gonum
    version: aff0e10c44138b1247d90efb9117f68ba7c76f0c

  # anser and deps
  - name: github.com/evergreen-ci/birch
    version: 9279ecfa890703259ea90af5d1c1fac4e9869bb2
  - name: github.com/mongodb/anser
    version: 5a61fd7ac02b2355c8e6f17bda3cdb7be9c9acf1
  - name: github.com/mongodb/ftdc
    version: fd0bfc553fcbcdfdb56f202df39992382971c3a1

  # GraphQL deps
  - name: github.com/99designs/gqlgen
    version: a538119155cf1ce66094a5a1ba1a201905d3e832

  - name: github.com/vektah/gqlparser
    version: d7ac1ee3e4535f7c6040c59dbf429da51e00eb4b
  - name: github.com/gorilla/websocket
    version: c3e18be99d19e6b3e8f1559eea2c161a665c4b6b
  - name: github.com/agnivade/levenshtein
    version: ee956134f90a4fca4e25fa69d52e20293d715a45
  - name: github.com/hashicorp/golang-lru
    version: 7f827b33c0f158ec5dfbba01bb0b14a4541fd81d

  - name: github.com/robfig/cron
    version: 70971dc81bab3671fde85647b0a1367929f92be8
  - name: github.com/evergreen-ci/utility
    version: 8a88f29180ba74476c65e36075bc372013e3ac05

  - name: github.com/robbiet480/go.sns
    version: ca087b49e1da69fa4f163521cc98b1eaf7b66ffd

  # gopsutil and its dependencies
  - name: github.com/shirou/gopsutil
    version: v3.21.3
  - name: github.com/tklauser/go-sysconf
    version: v0.3.4
  - name: github.com/tklauser/numcpus
    version: v0.2.1
  - name: github.com/StackExchange/wmi
    version: cbe66965904dbe8a6cd589e2298e5d8b986bd7dd
  - name: github.com/go-ole/go-ole
    version: 14974a1cf6477f616180232977d8ab4791ea8820
  - name: github.com/shirou/w32
    version: bb4de0191aa41b5507caa14b0650cdbddcd9280b
