hash: ""
updated: 2016-10-20T16:48:42.872025812-04:00
imports:
  - name: gonum.org/v1/gonum
    version: aff0e10c44138b1247d90efb9117f68ba7c76f0c
  - name: golang.org/x/crypto
    version: 7effd64e1180aa386cd36da9ca55a1e9fc7cf7cb
    subpackages:
      - ssh
  - name: golang.org/x/net
    version: 3a22650c66bd7f4fb6d1e8072ffd7b75c8a27898
    subpackages:
      - context
  - name: github.com/vaughan0/go-ini
    version: a98ad7ee00ec53921f08832bc06ecf7fd600e6a1
  - name: github.com/10gen/goamz # github.com/goamz/goamz
    version: fd18ac632eb1ce1a721c5fd2a58d982252e09cdd
    subpackages:
      - aws
      - s3
      - ec2
  - name: github.com/codegangsta/inject
    version: 37d7f8432a3e684eef9b2edece76bdfa6ac85b39
  - name: github.com/docker/docker
    version: ca25df3b54300e897d96029dcc4f86b8c4215a27
  - name: github.com/docker/go-connections
    version: 7395e3f8aa162843a74ed6d48e79627d9792ac55
  - name: github.com/evergreen-ci/go-test2json
    version: 5b6cfd2e8cb0a84da7d0d52307afda3e5cb0b410
  - name: github.com/Microsoft/go-winio
    version: 7ff89941bcb93df2e962467fb073c6e997b13cf0
  - name: github.com/gorilla/securecookie
    version: 1b0c7f6e9ab3d7f500fd7d50c7ad835ff428139b
  - name: github.com/gorilla/sessions
    version: 28f896870851935df0885fca3410114940d49e1b
  - name: github.com/gorilla/csrf
    version: 8aae08ff9fb9a8fe293deea3d057f37d89744670
  - name: github.com/mitchellh/mapstructure
    version: 00c29f56e2386353d58c599509e8dc3801b0d716

  - name: github.com/smartystreets/assertions
    version: f8459f92181409546d2762c9e9c4bedc23c92d76
  - name: github.com/smartystreets/goconvey
    version: 200a235640ff2643e3126834b67f3e93df76640a

  - name: github.com/stretchr/testify
    version: 890a5c3458b43e6104ff5da8dfa139d013d77544

  - name: github.com/jacobsa/oglematchers
    version: 4fc24f97b5b74022c2a3f4ca7eed57ca29083d3e
  - name: github.com/jtolds/gls
    version: b4936e06046bbecbb94cae9c18127ebe510a2cb9
  - name: gopkg.in/yaml.v2
    version: 49c95bdc21843256fb6c4e0d370a05f24a0bf213
  - name: gopkg.in/mgo.v2
    version: 60f23985327354fe2d4dde32ba05598bb047a114
  - name: github.com/gophercloud/gophercloud
    version: 64e5161c25fde7f0ccfb85f9af29ed22eeab4cd0

  - name: golang.org/x/tools/cmd/cover
    version: release-branch.go1.4

  - name: github.com/urfave/cli
    version: 01857ac33766ce0c93856370626f9799281c14f4

  - name: github.com/kardianos/osext
    version: 6e7f843663477789fac7c02def0d0909e969b4e5
  - name: github.com/sabhiram/go-git-ignore
    version: 228fcfa2a06e870a3ef238d54c45ea847f492a37
  - name: github.com/dustin/go-humanize
    version: f3565c9525600a911af3bd34f8b535ea81b2a9e0
  - name: github.com/mitchellh/go-homedir
    version: 981ab348d865cf048eb7d17e78ac7192632d8415g
  - name: github.com/jmespath/go-jmespath
    version: bd40a432e4c76585ef6b72d3fd96fb9b6dc7b68d
  - name: github.com/go-ini/ini
    version: 6e4869b434bd001f6983749881c7ead3545887d8
  - name: github.com/aws/aws-sdk-go
    version: b0b59fd2ceb03908e5d3bcd1449b46ce75508f4b

  - name: github.com/mholt/archiver
    version: e4ef56d48eb029648b0e895bb0b6a393ef0829c3
  - name: github.com/google/shlex
    version: 6f45313302b9c56850fc17f99e40caebce98c716

  - name: github.com/pkg/errors
    version: ff09b135c25aae272398c51a07235b90a75aa4f0
  - name: github.com/jpillora/backoff
    version: 06c7a16c845dc8e0bf575fafeeca0f5462f5eb4d
  - name: github.com/tychoish/tarjan
    version: fcd3f3321826209eac4a6f41c0108624d948e499

  - name: google.golang.org/api
    version: e6586c9293b9d514c7f5d5076731ec977cff1be6
    subpackages:
    - compute
  - name: google.golang.org/grpc
    version: 77ce7bc228475a8f28dc50a9d74ac4994fc019e7
  - name: google.golang.org/genproto
    version: 082222b4a5c572e33e82ee9162d1352c7cf38682
  - name: github.com/golang/protobuf
    version: c823c79ea1570fb5ff454033735a8e68575d1d0f
  - name: github.com/vmware/govmomi
    version: 2eadc60de1af9cf30d3c8ca9193813b1f0497f01
  - name: golang.org/x/oauth2
    version: f047394b6d14284165300fd82dad67edb3a4d7f6
  - name: golang.org/x/sys
    version: a9d3bda3a223baa6bba6ef412cb273f0fd163c05
  - name: github.com/google/go-github
    version: 9686ff0746200cf521ce225525b421e13b4eac1a
  - name: github.com/google/go-querystring
    version: 53e6ce116135b80d037921a7fdd5138cf32d7a8a
  - name: github.com/PuerkitoBio/rehttp
    version: 11cf6ea5d3e9afda34846e1db511aa218049471c
  - name: github.com/Masterminds/glide
    version: 23f6a9d8e774f597faabae8b58b8c6020b3f79ef

  - name: github.com/mongodb/grip
    version: 1108173df60c955f82a84cd1ef932af1ed6882a4
  - name: github.com/mongodb/anser
    version: c7518f4c967d32231c92683c8c967307d5de5e5c
  - name: github.com/mongodb/amboy
    version: 6cc2541dc7dbad9c3472dc16de975270d60ee9de
  - name: github.com/evergreen-ci/gimlet
    version: 30ffe4e2999a7bfcbaaf2087eb89add6e0cc74d5
  - name: github.com/evergreen-ci/shrub
    version: 32e668cd99410328bf6659e55671c11a6c727d9a
  - name: github.com/evergreen-ci/pail
    version: 7b2f8e0b2d972ca621cad3777d68276a54da13d0
  - name: github.com/mongodb/jasper
    version: 92b4bc00e502630402e5ae96b1a85639b58f9b16
  - name: go.mongodb.org/mongo-driver
    version: 305bc4a5e4131420fe8ba5628e6faa9e6ade4e86
  - name: github.com/evergreen-ci/timber
    version: 1cdd00ad2f2eaf6fb1cb9dedacaddbc3b0e03149

  - name: github.com/evergreen-ci/certdepot
    version: 270990334f8f50e41a803e88f169d2f467e376c5

  # git library and its dependencies
  - name: gopkg.in/src-d/go-git.v4
    version: bf3b1f1fb9e0a04d0f87511a7ded2562b48a19d8
  - name: github.com/xanzy/ssh-agent
    version: 640f0ab560aeb89d523bb6ac322b1244d5c3796c
  - name: github.com/jbenet/go-context
    version: d14ea06fba99483203c19d92cfcd13ebe73135f4
  - name: github.com/kevinburke/ssh_config
    version: 4fcc689beeab13c6dd7ab1d65cb9d7a1aeea9663
  - name: github.com/src-d/gcfg
    version: f187355171c936ac84a82793659ebb4936bc1c23
  - name: gopkg.in/src-d/go-billy.v4
    version: b4d81ed1e4f75a2b2e2db3085af27f3b4ad84118
  - name: github.com/pelletier/go-buffruneio
    version: de1592c34d9c6055a32fc9ebe2b3ee50ca468ebe
  - name: github.com/sergi/go-diff
    version: da645544ed44df016359bd4c0e3dc60ee3a0da43
  - name: gopkg.in/warnings.v0
    version: ec4a0fea49c7b46c2aeb0b51aac55779c607e52b
  - name: golang.org/x/text
    version: 905a57155faa8230500121607930ebb9dd8e139c
  - name: gonum.org/v1/gonum
    version: aff0e10c44138b1247d90efb9117f68ba7c76f0c
